
Microsoft Visual Studio Solution File, Format Version 12.00
# Visual Studio Version 17
VisualStudioVersion = 17.5.002.0
MinimumVisualStudioVersion = 10.0.40219.1
Project("{9A19103F-16F7-4668-BE54-9A1E7A4F7556}") = "backend", "backend\backend.csproj", "{ABC06666-0953-4494-AC0F-DF485F072965}"
EndProject
Global
	GlobalSection(SolutionConfigurationPlatforms) = preSolution
		Debug|Any CPU = Debug|Any CPU
		Release|Any CPU = Release|Any CPU
	EndGlobalSection
	GlobalSection(ProjectConfigurationPlatforms) = postSolution
		{ABC06666-0953-4494-AC0F-DF485F072965}.Debug|Any CPU.ActiveCfg = Debug|Any CPU
		{ABC06666-0953-4494-AC0F-DF485F072965}.Debug|Any CPU.Build.0 = Debug|Any CPU
		{ABC06666-0953-4494-AC0F-DF485F072965}.Release|Any CPU.ActiveCfg = Release|Any CPU
		{ABC06666-0953-4494-AC0F-DF485F072965}.Release|Any CPU.Build.0 = Release|Any CPU
	EndGlobalSection
	GlobalSection(SolutionProperties) = preSolution
		HideSolutionNode = FALSE
	EndGlobalSection
	GlobalSection(ExtensibilityGlobals) = postSolution
		SolutionGuid = {DD19909E-EA13-4E94-B52B-24CA95477DB5}
	EndGlobalSection
EndGlobal
